{
  "name": "Javascript-ToDo-List",
  "lockfileVersion": 2,
  "requires": true,
  "packages": {
    "": {
      "name": "Javascript-ToDo-List",
      "dependencies": {
        "lodash": "^4.17.21",
        "todo": "^1.1.0"
      },
      "devDependencies": {
        "@types/lodash": "4.14.187"
      }
    },
    "node_modules/@types/lodash": {
      "version": "4.14.187",
      "resolved": "https://registry.npmjs.org/@types/lodash/-/lodash-4.14.187.tgz",
      "integrity": "sha512-MrO/xLXCaUgZy3y96C/iOsaIqZSeupyTImKClHunL5GrmaiII2VwvWmLBu2hwa0Kp0sV19CsyjtrTc/Fx8rg/A==",
      "dev": true
    },
    "node_modules/argvee": {
      "version": "0.1.1",
      "resolved": "https://registry.npmjs.org/argvee/-/argvee-0.1.1.tgz",
      "integrity": "sha512-IJWeNu48Z5IJVkT8Udg9JYNIPHoIrT+cudtqztsbhtDg+GdPpBqR0tqIpsxI+p7MDT3X2xymVO00YW2kbknGRg==",
      "engines": {
        "node": "*"
      }
    },
    "node_modules/eyehurt": {
      "version": "0.0.1",
      "resolved": "https://registry.npmjs.org/eyehurt/-/eyehurt-0.0.1.tgz",
      "integrity": "sha512-fEr0dLemd85heyPigq25edDMK5bYUxzok6uuwM4K3mcwg0yqSEkNuQlYl2MgS1kuo6NTADNdFul64vO/Bl0J3g=="
    },
    "node_modules/homepath": {
      "version": "1.0.1",
      "resolved": "https://registry.npmjs.org/homepath/-/homepath-1.0.1.tgz",
      "integrity": "sha512-jbZiNN6kaqx0dGNMX3UfBAEC5YVnY6KRzZpkgAIlWCs7/jrY12v2cQaWWjTfAVjVL1aAbFAdqxq4BVCGoqhS0g=="
    },
    "node_modules/lodash": {
      "version": "4.17.21",
      "resolved": "https://registry.npmjs.org/lodash/-/lodash-4.17.21.tgz",
      "integrity": "sha512-v2kDEe57lecTulaDIuNTPy3Ry4gLGJ6Z1O3vE1krgXZNrsQ+LFTGHVxVjcXPs17LhbZVGedAJv8XZ1tvj5FvSg=="
    },
    "node_modules/ms": {
      "version": "0.6.2",
      "resolved": "https://registry.npmjs.org/ms/-/ms-0.6.2.tgz",
      "integrity": "sha512-/pc3eh7TWorTtbvXg8je4GvrvEqCfH7PA3P7iW01yL2E53FKixzgMBaQi0NOPbMJqY34cBSvR0tZtmlTkdUG4A=="
    },
    "node_modules/refractory": {
      "version": "0.0.3",
      "resolved": "https://registry.npmjs.org/refractory/-/refractory-0.0.3.tgz",
      "integrity": "sha512-U7SMGab8BwfYGwjVArdNlHuaPSRRBNBMl5J97LfvLI3F4hTVRIt+8przGb1iKOLEjeUvEA3tWG9Ojbx91WiKtg=="
    },
    "node_modules/todo": {
      "version": "1.1.0",
      "resolved": "https://registry.npmjs.org/todo/-/todo-1.1.0.tgz",
      "integrity": "sha512-n4dY2gq2cuboFOvdJNuxVVjVkljvACpZ7z7Gl8aAfCu4MBYFEhrSSzrlMoXr3DbzT1gW6zrU6H5GGZzZpahkiQ==",
      "dependencies": {
        "argvee": "~0.1.1",
        "eyehurt": "0.0.1",
        "homepath": "~1.0.0",
        "ms": "~0.6.2",
        "refractory": "0.0.3"
      },
      "bin": {
        "todo": "bin/todo"
      }
    }
  },
  "dependencies": {
    "@types/lodash": {
      "version": "4.14.187",
      "resolved": "https://registry.npmjs.org/@types/lodash/-/lodash-4.14.187.tgz",
      "integrity": "sha512-MrO/xLXCaUgZy3y96C/iOsaIqZSeupyTImKClHunL5GrmaiII2VwvWmLBu2hwa0Kp0sV19CsyjtrTc/Fx8rg/A==",
      "dev": true
    },
    "argvee": {
      "version": "0.1.1",
      "resolved": "https://registry.npmjs.org/argvee/-/argvee-0.1.1.tgz",
      "integrity": "sha512-IJWeNu48Z5IJVkT8Udg9JYNIPHoIrT+cudtqztsbhtDg+GdPpBqR0tqIpsxI+p7MDT3X2xymVO00YW2kbknGRg=="
    },
    "eyehurt": {
      "version": "0.0.1",
      "resolved": "https://registry.npmjs.org/eyehurt/-/eyehurt-0.0.1.tgz",
      "integrity": "sha512-fEr0dLemd85heyPigq25edDMK5bYUxzok6uuwM4K3mcwg0yqSEkNuQlYl2MgS1kuo6NTADNdFul64vO/Bl0J3g=="
    },
    "homepath": {
      "version": "1.0.1",
      "resolved": "https://registry.npmjs.org/homepath/-/homepath-1.0.1.tgz",
      "integrity": "sha512-jbZiNN6kaqx0dGNMX3UfBAEC5YVnY6KRzZpkgAIlWCs7/jrY12v2cQaWWjTfAVjVL1aAbFAdqxq4BVCGoqhS0g=="
    },
    "lodash": {
      "version": "4.17.21",
      "resolved": "https://registry.npmjs.org/lodash/-/lodash-4.17.21.tgz",
      "integrity": "sha512-v2kDEe57lecTulaDIuNTPy3Ry4gLGJ6Z1O3vE1krgXZNrsQ+LFTGHVxVjcXPs17LhbZVGedAJv8XZ1tvj5FvSg=="
    },
    "ms": {
      "version": "0.6.2",
      "resolved": "https://registry.npmjs.org/ms/-/ms-0.6.2.tgz",
      "integrity": "sha512-/pc3eh7TWorTtbvXg8je4GvrvEqCfH7PA3P7iW01yL2E53FKixzgMBaQi0NOPbMJqY34cBSvR0tZtmlTkdUG4A=="
    },
    "refractory": {
      "version": "0.0.3",
      "resolved": "https://registry.npmjs.org/refractory/-/refractory-0.0.3.tgz",
      "integrity": "sha512-U7SMGab8BwfYGwjVArdNlHuaPSRRBNBMl5J97LfvLI3F4hTVRIt+8przGb1iKOLEjeUvEA3tWG9Ojbx91WiKtg=="
    },
    "todo": {
      "version": "1.1.0",
      "resolved": "https://registry.npmjs.org/todo/-/todo-1.1.0.tgz",
      "integrity": "sha512-n4dY2gq2cuboFOvdJNuxVVjVkljvACpZ7z7Gl8aAfCu4MBYFEhrSSzrlMoXr3DbzT1gW6zrU6H5GGZzZpahkiQ==",
      "requires": {
        "argvee": "~0.1.1",
        "eyehurt": "0.0.1",
        "homepath": "~1.0.0",
        "ms": "~0.6.2",
        "refractory": "0.0.3"
      }
    }
  }
}
