{
  "name": "Javascript-ToDo-List",
  "lockfileVersion": 2,
  "requires": true,
  "packages": {
    "": {
      "name": "Javascript-ToDo-List",
      "dependencies": {
        "@chakra-ui/styled-system": "^2.3.4",
        "gsap": "^3.11.3",
        "lodash": "^4.17.21",
        "todo": "0.9.9"
      },
      "devDependencies": {
        "@types/lodash": "4.14.187"
      }
    },
    "node_modules/@chakra-ui/styled-system": {
      "version": "2.3.4",
      "resolved": "https://registry.npmjs.org/@chakra-ui/styled-system/-/styled-system-2.3.4.tgz",
      "integrity": "sha512-Lozbedu+GBj4EbHB/eGv475SFDLApsIEN9gNKiZJBJAE1HIhHn3Seh1iZQSrHC/Beq+D5cQq3Z+yPn3bXtFU7w==",
      "dependencies": {
        "csstype": "^3.0.11",
        "lodash.mergewith": "4.6.2"
      }
    },
    "node_modules/@types/lodash": {
      "version": "4.14.187",
      "resolved": "https://registry.npmjs.org/@types/lodash/-/lodash-4.14.187.tgz",
      "integrity": "sha512-MrO/xLXCaUgZy3y96C/iOsaIqZSeupyTImKClHunL5GrmaiII2VwvWmLBu2hwa0Kp0sV19CsyjtrTc/Fx8rg/A==",
      "dev": true
    },
    "node_modules/argvee": {
      "version": "0.1.1",
      "resolved": "https://registry.npmjs.org/argvee/-/argvee-0.1.1.tgz",
      "integrity": "sha512-IJWeNu48Z5IJVkT8Udg9JYNIPHoIrT+cudtqztsbhtDg+GdPpBqR0tqIpsxI+p7MDT3X2xymVO00YW2kbknGRg==",
      "engines": {
        "node": "*"
      }
    },
    "node_modules/csstype": {
      "version": "3.1.1",
      "resolved": "https://registry.npmjs.org/csstype/-/csstype-3.1.1.tgz",
      "integrity": "sha512-DJR/VvkAvSZW9bTouZue2sSxDwdTN92uHjqeKVm+0dAqdfNykRzQ95tay8aXMBAAPpUiq4Qcug2L7neoRh2Egw=="
    },
    "node_modules/eyehurt": {
      "version": "0.0.1",
      "resolved": "https://registry.npmjs.org/eyehurt/-/eyehurt-0.0.1.tgz",
      "integrity": "sha512-fEr0dLemd85heyPigq25edDMK5bYUxzok6uuwM4K3mcwg0yqSEkNuQlYl2MgS1kuo6NTADNdFul64vO/Bl0J3g=="
    },
    "node_modules/gsap": {
      "version": "3.11.3",
      "resolved": "https://registry.npmjs.org/gsap/-/gsap-3.11.3.tgz",
      "integrity": "sha512-xc/iIJy+LWiMbRa4IdMtdnnKa/7PXEK6NNzV71gdOYUVeTZN7UWnLU0fB7Hi1iwiz4ZZoYkBZPPYGg+2+zzFHA=="
    },
    "node_modules/lodash": {
      "version": "4.17.21",
      "resolved": "https://registry.npmjs.org/lodash/-/lodash-4.17.21.tgz",
      "integrity": "sha512-v2kDEe57lecTulaDIuNTPy3Ry4gLGJ6Z1O3vE1krgXZNrsQ+LFTGHVxVjcXPs17LhbZVGedAJv8XZ1tvj5FvSg=="
    },
    "node_modules/lodash.mergewith": {
      "version": "4.6.2",
      "resolved": "https://registry.npmjs.org/lodash.mergewith/-/lodash.mergewith-4.6.2.tgz",
      "integrity": "sha512-GK3g5RPZWTRSeLSpgP8Xhra+pnjBC56q9FZYe1d5RN3TJ35dbkGy3YqBSMbyCrlbi+CM9Z3Jk5yTL7RCsqboyQ=="
    },
    "node_modules/ms": {
      "version": "0.6.2",
      "resolved": "https://registry.npmjs.org/ms/-/ms-0.6.2.tgz",
      "integrity": "sha512-/pc3eh7TWorTtbvXg8je4GvrvEqCfH7PA3P7iW01yL2E53FKixzgMBaQi0NOPbMJqY34cBSvR0tZtmlTkdUG4A=="
    },
    "node_modules/refractory": {
      "version": "0.0.3",
      "resolved": "https://registry.npmjs.org/refractory/-/refractory-0.0.3.tgz",
      "integrity": "sha512-U7SMGab8BwfYGwjVArdNlHuaPSRRBNBMl5J97LfvLI3F4hTVRIt+8przGb1iKOLEjeUvEA3tWG9Ojbx91WiKtg=="
    },
    "node_modules/todo": {
      "version": "0.9.9",
      "resolved": "https://registry.npmjs.org/todo/-/todo-0.9.9.tgz",
      "integrity": "sha512-4qC1Rg7nfoR2gtRZXkogLe4S3KdAcxaq/oVZ8vZjbDgmCvb3gIlJM//CcXi8m7dcBuUcp3yanqbTuRkcWHboWg==",
      "dependencies": {
        "argvee": "~0.1.1",
        "eyehurt": "0.0.1",
        "ms": "~0.6.2",
        "refractory": "0.0.3"
      },
      "bin": {
        "todo": "bin/todo"
      }
    }
  },
  "dependencies": {
    "@chakra-ui/styled-system": {
      "version": "2.3.4",
      "resolved": "https://registry.npmjs.org/@chakra-ui/styled-system/-/styled-system-2.3.4.tgz",
      "integrity": "sha512-Lozbedu+GBj4EbHB/eGv475SFDLApsIEN9gNKiZJBJAE1HIhHn3Seh1iZQSrHC/Beq+D5cQq3Z+yPn3bXtFU7w==",
      "requires": {
        "csstype": "^3.0.11",
        "lodash.mergewith": "4.6.2"
      }
    },
    "@types/lodash": {
      "version": "4.14.187",
      "resolved": "https://registry.npmjs.org/@types/lodash/-/lodash-4.14.187.tgz",
      "integrity": "sha512-MrO/xLXCaUgZy3y96C/iOsaIqZSeupyTImKClHunL5GrmaiII2VwvWmLBu2hwa0Kp0sV19CsyjtrTc/Fx8rg/A==",
      "dev": true
    },
    "argvee": {
      "version": "0.1.1",
      "resolved": "https://registry.npmjs.org/argvee/-/argvee-0.1.1.tgz",
      "integrity": "sha512-IJWeNu48Z5IJVkT8Udg9JYNIPHoIrT+cudtqztsbhtDg+GdPpBqR0tqIpsxI+p7MDT3X2xymVO00YW2kbknGRg=="
    },
    "csstype": {
      "version": "3.1.1",
      "resolved": "https://registry.npmjs.org/csstype/-/csstype-3.1.1.tgz",
      "integrity": "sha512-DJR/VvkAvSZW9bTouZue2sSxDwdTN92uHjqeKVm+0dAqdfNykRzQ95tay8aXMBAAPpUiq4Qcug2L7neoRh2Egw=="
    },
    "eyehurt": {
      "version": "0.0.1",
      "resolved": "https://registry.npmjs.org/eyehurt/-/eyehurt-0.0.1.tgz",
      "integrity": "sha512-fEr0dLemd85heyPigq25edDMK5bYUxzok6uuwM4K3mcwg0yqSEkNuQlYl2MgS1kuo6NTADNdFul64vO/Bl0J3g=="
    },
    "gsap": {
      "version": "3.11.3",
      "resolved": "https://registry.npmjs.org/gsap/-/gsap-3.11.3.tgz",
      "integrity": "sha512-xc/iIJy+LWiMbRa4IdMtdnnKa/7PXEK6NNzV71gdOYUVeTZN7UWnLU0fB7Hi1iwiz4ZZoYkBZPPYGg+2+zzFHA=="
    },
    "lodash": {
      "version": "4.17.21",
      "resolved": "https://registry.npmjs.org/lodash/-/lodash-4.17.21.tgz",
      "integrity": "sha512-v2kDEe57lecTulaDIuNTPy3Ry4gLGJ6Z1O3vE1krgXZNrsQ+LFTGHVxVjcXPs17LhbZVGedAJv8XZ1tvj5FvSg=="
    },
    "lodash.mergewith": {
      "version": "4.6.2",
      "resolved": "https://registry.npmjs.org/lodash.mergewith/-/lodash.mergewith-4.6.2.tgz",
      "integrity": "sha512-GK3g5RPZWTRSeLSpgP8Xhra+pnjBC56q9FZYe1d5RN3TJ35dbkGy3YqBSMbyCrlbi+CM9Z3Jk5yTL7RCsqboyQ=="
    },
    "ms": {
      "version": "0.6.2",
      "resolved": "https://registry.npmjs.org/ms/-/ms-0.6.2.tgz",
      "integrity": "sha512-/pc3eh7TWorTtbvXg8je4GvrvEqCfH7PA3P7iW01yL2E53FKixzgMBaQi0NOPbMJqY34cBSvR0tZtmlTkdUG4A=="
    },
    "refractory": {
      "version": "0.0.3",
      "resolved": "https://registry.npmjs.org/refractory/-/refractory-0.0.3.tgz",
      "integrity": "sha512-U7SMGab8BwfYGwjVArdNlHuaPSRRBNBMl5J97LfvLI3F4hTVRIt+8przGb1iKOLEjeUvEA3tWG9Ojbx91WiKtg=="
    },
    "todo": {
      "version": "0.9.9",
      "resolved": "https://registry.npmjs.org/todo/-/todo-0.9.9.tgz",
      "integrity": "sha512-4qC1Rg7nfoR2gtRZXkogLe4S3KdAcxaq/oVZ8vZjbDgmCvb3gIlJM//CcXi8m7dcBuUcp3yanqbTuRkcWHboWg==",
      "requires": {
        "argvee": "~0.1.1",
        "eyehurt": "0.0.1",
        "ms": "~0.6.2",
        "refractory": "0.0.3"
      }
    }
  }
}
