# This file is generated by running "yarn install" inside your project.
# Manual changes might be lost - proceed with caution!

__metadata:
  version: 4

"@types/lodash@npm:4.14.187":
  version: 4.14.187
  resolution: "@types/lodash@npm:4.14.187"
  checksum: 2/c3c409bd783354f5b83228f4ce23b89d024fda5fded09881404250218e7cdaac1f359103b3caeb94268b80036be3af8616103c7f866150f0943c9cd6f6e83c86
  languageName: node
  linkType: hard

"Javascript-ToDo-List@workspace:.":
  version: 0.0.0-use.local
  resolution: "Javascript-ToDo-List@workspace:."
  dependencies:
    "@types/lodash": 4.14.187
    lodash: ^4.17.21
    todo: 0.9.9
  languageName: unknown
  linkType: soft

"argvee@npm:~0.1.1":
  version: 0.1.1
  resolution: "argvee@npm:0.1.1"
  checksum: 2/623c9f28e10be04cc868a51ac78af42f0931a83dc3771c93df4c5dfe25490fb1813425107a243ba91a7aed415c874d2e04544e1f3474f74dd186d77f1f728399
  languageName: node
  linkType: hard

"eyehurt@npm:0.0.1":
  version: 0.0.1
  resolution: "eyehurt@npm:0.0.1"
  checksum: 2/286b06c1206b3d5d6231417816ef4b7a64bd0f2157343610d458e16a756a7b241e14e21c64ad1b99013b002425368cfe64f6b7c59e5b7cd722c08cb361e6a400
  languageName: node
  linkType: hard

"lodash@npm:^4.17.21":
  version: 4.17.21
  resolution: "lodash@npm:4.17.21"
  checksum: 2/4983720b9abca930a4a46f18db163d7dad8dd00dbed6db0cc7b499b33b717cce69f80928b27bbb1ff2cbd3b19d251ee90669a8b5ea466072ca81c2ebe91e7468
  languageName: node
  linkType: hard

"ms@npm:~0.6.2":
  version: 0.6.2
  resolution: "ms@npm:0.6.2"
  checksum: 2/58b15f75a33f042ce241d435c6eb218f46cd835f74db4f85b4dacf4143a92638cc0887be38423e79411da27dae103db3048a0d9aa4629607ab10c7d037b6f9e7
  languageName: node
  linkType: hard

"refractory@npm:0.0.3":
  version: 0.0.3
  resolution: "refractory@npm:0.0.3"
  checksum: 2/fcc95229f6cc02510cb9c00599d8bc62462a1052484ed5888d04e8f0a4691ea133d5caa0204c40661d0424e8ddd47e2441f61f68185a1975d60fb65b52a30cb0
  languageName: node
  linkType: hard

"todo@npm:0.9.9":
  version: 0.9.9
  resolution: "todo@npm:0.9.9"
  dependencies:
    argvee: ~0.1.1
    eyehurt: 0.0.1
    ms: ~0.6.2
    refractory: 0.0.3
  bin:
    todo: ./bin/todo
  checksum: 2/13f83fe884c47d81da47cd782dae86778a07a3551d959877467199d715906b3928fc0144ebabca2f4e0c8ee31329355627b4e398fe9dc086ad0e278362a70c3d
  languageName: node
  linkType: hard
